
Microsoft Visual Studio Solution File, Format Version 12.00
# Visual Studio Version 17
VisualStudioVersion = 17.8.34330.188
MinimumVisualStudioVersion = 10.0.40219.1
Project("{9A19103F-16F7-4668-BE54-9A1E7A4F7556}") = "OptionBenchmarks", "OptionBenchmarks\OptionBenchmarks.csproj", "{8F1168BE-46E7-4261-B663-D4BFA71C8224}"
EndProject
Project("{FAE04EC0-301F-11D3-BF4B-00C04F79EFBC}") = "OptionExtensionsLib", "OptionExtensionsLib\OptionExtensionsLib.csproj", "{16520684-6A68-436E-BC12-6841FBCA50CC}"
EndProject
Project("{FAE04EC0-301F-11D3-BF4B-00C04F79EFBC}") = "OptionExtensionsLib.Tests", "OptionExtensionsLib.Tests\OptionExtensionsLib.Tests.csproj", "{BFBDE7EF-E001-4A94-A3A2-7B25E081244D}"
EndProject
Global
	GlobalSection(SolutionConfigurationPlatforms) = preSolution
		Debug|Any CPU = Debug|Any CPU
		Release|Any CPU = Release|Any CPU
	EndGlobalSection
	GlobalSection(ProjectConfigurationPlatforms) = postSolution
		{8F1168BE-46E7-4261-B663-D4BFA71C8224}.Debug|Any CPU.ActiveCfg = Debug|Any CPU
		{8F1168BE-46E7-4261-B663-D4BFA71C8224}.Debug|Any CPU.Build.0 = Debug|Any CPU
		{8F1168BE-46E7-4261-B663-D4BFA71C8224}.Release|Any CPU.ActiveCfg = Release|Any CPU
		{8F1168BE-46E7-4261-B663-D4BFA71C8224}.Release|Any CPU.Build.0 = Release|Any CPU
		{16520684-6A68-436E-BC12-6841FBCA50CC}.Debug|Any CPU.ActiveCfg = Debug|Any CPU
		{16520684-6A68-436E-BC12-6841FBCA50CC}.Debug|Any CPU.Build.0 = Debug|Any CPU
		{16520684-6A68-436E-BC12-6841FBCA50CC}.Release|Any CPU.ActiveCfg = Release|Any CPU
		{16520684-6A68-436E-BC12-6841FBCA50CC}.Release|Any CPU.Build.0 = Release|Any CPU
		{BFBDE7EF-E001-4A94-A3A2-7B25E081244D}.Debug|Any CPU.ActiveCfg = Debug|Any CPU
		{BFBDE7EF-E001-4A94-A3A2-7B25E081244D}.Debug|Any CPU.Build.0 = Debug|Any CPU
		{BFBDE7EF-E001-4A94-A3A2-7B25E081244D}.Release|Any CPU.ActiveCfg = Release|Any CPU
		{BFBDE7EF-E001-4A94-A3A2-7B25E081244D}.Release|Any CPU.Build.0 = Release|Any CPU
	EndGlobalSection
	GlobalSection(SolutionProperties) = preSolution
		HideSolutionNode = FALSE
	EndGlobalSection
	GlobalSection(ExtensibilityGlobals) = postSolution
		SolutionGuid = {CE3DCBDC-68BB-4045-A6BA-C9E8A9882253}
	EndGlobalSection
EndGlobal
